
Microsoft Visual Studio Solution File, Format Version 12.00
# Visual Studio Version 16
VisualStudioVersion = 16.0.29009.5
MinimumVisualStudioVersion = 10.0.40219.1
Project("{FAE04EC0-301F-11D3-BF4B-00C04F79EFBC}") = "WindowsFormsApp2", "WindowsFormsApp2\WindowsFormsApp2.csproj", "{FE7E8BEE-E5B0-4082-B418-17C082AFE7DC}"
EndProject
Global
	GlobalSection(SolutionConfigurationPlatforms) = preSolution
		Debug|Any CPU = Debug|Any CPU
		Release|Any CPU = Release|Any CPU
	EndGlobalSection
	GlobalSection(ProjectConfigurationPlatforms) = postSolution
		{FE7E8BEE-E5B0-4082-B418-17C082AFE7DC}.Debug|Any CPU.ActiveCfg = Debug|Any CPU
		{FE7E8BEE-E5B0-4082-B418-17C082AFE7DC}.Debug|Any CPU.Build.0 = Debug|Any CPU
		{FE7E8BEE-E5B0-4082-B418-17C082AFE7DC}.Release|Any CPU.ActiveCfg = Release|Any CPU
		{FE7E8BEE-E5B0-4082-B418-17C082AFE7DC}.Release|Any CPU.Build.0 = Release|Any CPU
	EndGlobalSection
	GlobalSection(SolutionProperties) = preSolution
		HideSolutionNode = FALSE
	EndGlobalSection
	GlobalSection(ExtensibilityGlobals) = postSolution
		SolutionGuid = {98110F28-1175-40B7-A1ED-ECA301C6FC4C}
	EndGlobalSection
EndGlobal
